
Microsoft Visual Studio Solution File, Format Version 12.00
# Visual Studio Version 17
VisualStudioVersion = 17.5.33414.496
MinimumVisualStudioVersion = 10.0.40219.1
Project("{FAE04EC0-301F-11D3-BF4B-00C04F79EFBC}") = "test2", "test2\test2.csproj", "{EA926E78-1D62-465D-A00B-FACACE46FA78}"
EndProject
Global
	GlobalSection(SolutionConfigurationPlatforms) = preSolution
		Debug|Any CPU = Debug|Any CPU
		Release|Any CPU = Release|Any CPU
	EndGlobalSection
	GlobalSection(ProjectConfigurationPlatforms) = postSolution
		{EA926E78-1D62-465D-A00B-FACACE46FA78}.Debug|Any CPU.ActiveCfg = Debug|Any CPU
		{EA926E78-1D62-465D-A00B-FACACE46FA78}.Debug|Any CPU.Build.0 = Debug|Any CPU
		{EA926E78-1D62-465D-A00B-FACACE46FA78}.Release|Any CPU.ActiveCfg = Release|Any CPU
		{EA926E78-1D62-465D-A00B-FACACE46FA78}.Release|Any CPU.Build.0 = Release|Any CPU
	EndGlobalSection
	GlobalSection(SolutionProperties) = preSolution
		HideSolutionNode = FALSE
	EndGlobalSection
	GlobalSection(ExtensibilityGlobals) = postSolution
		SolutionGuid = {54E1B80F-2A25-407C-B1DC-A0E5BA90DCDB}
	EndGlobalSection
EndGlobal
